<?xml version="1.0" encoding="UTF-8"?>
<CodeBlocks_project_file>
	<FileVersion major="1" minor="6"/>
	<Project>
		<Option title="2D-Curve-Design-Tool"/>
		<Option makefile_is_custom="1"/>
		<Option compiler="gcc"/>
		<Option virtualFolders="CMake Files\;CMake Files\Qt\;CMake Files\Qt\Qt5.15.2\;CMake Files\Qt\Qt5.15.2\5.15.2\;CMake Files\Qt\Qt5.15.2\5.15.2\mingw81_64\;CMake Files\Qt\Qt5.15.2\5.15.2\mingw81_64\lib\;CMake Files\Qt\Qt5.15.2\5.15.2\mingw81_64\lib\cmake\;CMake Files\Qt\Qt5.15.2\5.15.2\mingw81_64\lib\cmake\Qt5\;CMake Files\Qt\Qt5.15.2\5.15.2\mingw81_64\lib\cmake\Qt5Core\;CMake Files\Qt\Qt5.15.2\5.15.2\mingw81_64\lib\cmake\Qt5Gui\;CMake Files\Qt\Qt5.15.2\5.15.2\mingw81_64\lib\cmake\Qt5Widgets\;CMake Files\src\;"/>
		<Build>
			<Target title="all">
				<Option working_dir="E:/ToyPrograms/GL/2D-Curve-Design-Tool/debug-mingw-64"/>
				<Option type="4"/>
				<MakeCommands>
					<Build command="C:/Qt/Qt5.15.2/Tools/mingw810_64/bin/mingw32-make.exe -f &quot;E:/ToyPrograms/GL/2D-Curve-Design-Tool/debug-mingw-64/Makefile&quot;  VERBOSE=1 all"/>
					<CompileFile command="C:/Qt/Qt5.15.2/Tools/mingw810_64/bin/mingw32-make.exe -f &quot;E:/ToyPrograms/GL/2D-Curve-Design-Tool/debug-mingw-64/Makefile&quot;  VERBOSE=1 &quot;$file&quot;"/>
					<Clean command="C:/Qt/Qt5.15.2/Tools/mingw810_64/bin/mingw32-make.exe -f &quot;E:/ToyPrograms/GL/2D-Curve-Design-Tool/debug-mingw-64/Makefile&quot;  VERBOSE=1 clean"/>
					<DistClean command="C:/Qt/Qt5.15.2/Tools/mingw810_64/bin/mingw32-make.exe -f &quot;E:/ToyPrograms/GL/2D-Curve-Design-Tool/debug-mingw-64/Makefile&quot;  VERBOSE=1 clean"/>
				</MakeCommands>
			</Target>
			<Target title="2D-Curve-Design-Tool">
				<Option output="E:/ToyPrograms/GL/2D-Curve-Design-Tool/debug-mingw-64/2D-Curve-Design-Tool.exe" prefix_auto="0" extension_auto="0"/>
				<Option working_dir="E:/ToyPrograms/GL/2D-Curve-Design-Tool/debug-mingw-64"/>
				<Option object_output="./"/>
				<Option type="1"/>
				<Option compiler="gcc"/>
				<Compiler>
					<Add option="-DQT_CORE_LIB"/>
					<Add option="-DQT_GUI_LIB"/>
					<Add option="-DQT_WIDGETS_LIB"/>
					<Add directory="E:/ToyPrograms/GL/2D-Curve-Design-Tool/debug-mingw-64/2D-Curve-Design-Tool_autogen/include"/>
					<Add directory="E:/ToyPrograms/GL/2D-Curve-Design-Tool/src/include"/>
					<Add directory="C:/cpplib/eigen"/>
					<Add directory="C:/Qt/Qt5.15.2/5.15.2/mingw81_64/include"/>
					<Add directory="C:/Qt/Qt5.15.2/5.15.2/mingw81_64/include/QtCore"/>
					<Add directory="C:/Qt/Qt5.15.2/5.15.2/mingw81_64/./mkspecs/win32-g++"/>
					<Add directory="C:/Qt/Qt5.15.2/5.15.2/mingw81_64/include/QtGui"/>
					<Add directory="C:/Qt/Qt5.15.2/5.15.2/mingw81_64/include/QtANGLE"/>
					<Add directory="C:/Qt/Qt5.15.2/5.15.2/mingw81_64/include/QtWidgets"/>
					<Add directory="C:/Qt/Qt5.15.2/Tools/mingw810_64/bin/../lib/gcc/x86_64-w64-mingw32/8.1.0/include/c++"/>
					<Add directory="C:/Qt/Qt5.15.2/Tools/mingw810_64/bin/../lib/gcc/x86_64-w64-mingw32/8.1.0/include/c++/x86_64-w64-mingw32"/>
					<Add directory="C:/Qt/Qt5.15.2/Tools/mingw810_64/bin/../lib/gcc/x86_64-w64-mingw32/8.1.0/include/c++/backward"/>
					<Add directory="C:/Qt/Qt5.15.2/Tools/mingw810_64/bin/../lib/gcc/x86_64-w64-mingw32/8.1.0/include"/>
					<Add directory="C:/Qt/Qt5.15.2/Tools/mingw810_64/bin/../lib/gcc/x86_64-w64-mingw32/8.1.0/include-fixed"/>
					<Add directory="C:/Qt/Qt5.15.2/Tools/mingw810_64/bin/../lib/gcc/x86_64-w64-mingw32/8.1.0/../../../../x86_64-w64-mingw32/include"/>
				</Compiler>
				<MakeCommands>
					<Build command="C:/Qt/Qt5.15.2/Tools/mingw810_64/bin/mingw32-make.exe -f &quot;E:/ToyPrograms/GL/2D-Curve-Design-Tool/debug-mingw-64/Makefile&quot;  VERBOSE=1 2D-Curve-Design-Tool"/>
					<CompileFile command="C:/Qt/Qt5.15.2/Tools/mingw810_64/bin/mingw32-make.exe -f &quot;E:/ToyPrograms/GL/2D-Curve-Design-Tool/debug-mingw-64/Makefile&quot;  VERBOSE=1 &quot;$file&quot;"/>
					<Clean command="C:/Qt/Qt5.15.2/Tools/mingw810_64/bin/mingw32-make.exe -f &quot;E:/ToyPrograms/GL/2D-Curve-Design-Tool/debug-mingw-64/Makefile&quot;  VERBOSE=1 clean"/>
					<DistClean command="C:/Qt/Qt5.15.2/Tools/mingw810_64/bin/mingw32-make.exe -f &quot;E:/ToyPrograms/GL/2D-Curve-Design-Tool/debug-mingw-64/Makefile&quot;  VERBOSE=1 clean"/>
				</MakeCommands>
			</Target>
			<Target title="2D-Curve-Design-Tool/fast">
				<Option output="E:/ToyPrograms/GL/2D-Curve-Design-Tool/debug-mingw-64/2D-Curve-Design-Tool.exe" prefix_auto="0" extension_auto="0"/>
				<Option working_dir="E:/ToyPrograms/GL/2D-Curve-Design-Tool/debug-mingw-64"/>
				<Option object_output="./"/>
				<Option type="1"/>
				<Option compiler="gcc"/>
				<Compiler>
					<Add option="-DQT_CORE_LIB"/>
					<Add option="-DQT_GUI_LIB"/>
					<Add option="-DQT_WIDGETS_LIB"/>
					<Add directory="E:/ToyPrograms/GL/2D-Curve-Design-Tool/debug-mingw-64/2D-Curve-Design-Tool_autogen/include"/>
					<Add directory="E:/ToyPrograms/GL/2D-Curve-Design-Tool/src/include"/>
					<Add directory="C:/cpplib/eigen"/>
					<Add directory="C:/Qt/Qt5.15.2/5.15.2/mingw81_64/include"/>
					<Add directory="C:/Qt/Qt5.15.2/5.15.2/mingw81_64/include/QtCore"/>
					<Add directory="C:/Qt/Qt5.15.2/5.15.2/mingw81_64/./mkspecs/win32-g++"/>
					<Add directory="C:/Qt/Qt5.15.2/5.15.2/mingw81_64/include/QtGui"/>
					<Add directory="C:/Qt/Qt5.15.2/5.15.2/mingw81_64/include/QtANGLE"/>
					<Add directory="C:/Qt/Qt5.15.2/5.15.2/mingw81_64/include/QtWidgets"/>
					<Add directory="C:/Qt/Qt5.15.2/Tools/mingw810_64/bin/../lib/gcc/x86_64-w64-mingw32/8.1.0/include/c++"/>
					<Add directory="C:/Qt/Qt5.15.2/Tools/mingw810_64/bin/../lib/gcc/x86_64-w64-mingw32/8.1.0/include/c++/x86_64-w64-mingw32"/>
					<Add directory="C:/Qt/Qt5.15.2/Tools/mingw810_64/bin/../lib/gcc/x86_64-w64-mingw32/8.1.0/include/c++/backward"/>
					<Add directory="C:/Qt/Qt5.15.2/Tools/mingw810_64/bin/../lib/gcc/x86_64-w64-mingw32/8.1.0/include"/>
					<Add directory="C:/Qt/Qt5.15.2/Tools/mingw810_64/bin/../lib/gcc/x86_64-w64-mingw32/8.1.0/include-fixed"/>
					<Add directory="C:/Qt/Qt5.15.2/Tools/mingw810_64/bin/../lib/gcc/x86_64-w64-mingw32/8.1.0/../../../../x86_64-w64-mingw32/include"/>
				</Compiler>
				<MakeCommands>
					<Build command="C:/Qt/Qt5.15.2/Tools/mingw810_64/bin/mingw32-make.exe -f &quot;E:/ToyPrograms/GL/2D-Curve-Design-Tool/debug-mingw-64/Makefile&quot;  VERBOSE=1 2D-Curve-Design-Tool/fast"/>
					<CompileFile command="C:/Qt/Qt5.15.2/Tools/mingw810_64/bin/mingw32-make.exe -f &quot;E:/ToyPrograms/GL/2D-Curve-Design-Tool/debug-mingw-64/Makefile&quot;  VERBOSE=1 &quot;$file&quot;"/>
					<Clean command="C:/Qt/Qt5.15.2/Tools/mingw810_64/bin/mingw32-make.exe -f &quot;E:/ToyPrograms/GL/2D-Curve-Design-Tool/debug-mingw-64/Makefile&quot;  VERBOSE=1 clean"/>
					<DistClean command="C:/Qt/Qt5.15.2/Tools/mingw810_64/bin/mingw32-make.exe -f &quot;E:/ToyPrograms/GL/2D-Curve-Design-Tool/debug-mingw-64/Makefile&quot;  VERBOSE=1 clean"/>
				</MakeCommands>
			</Target>
			<Target title="edit_cache">
				<Option working_dir="E:/ToyPrograms/GL/2D-Curve-Design-Tool/debug-mingw-64"/>
				<Option type="4"/>
				<MakeCommands>
					<Build command="C:/Qt/Qt5.15.2/Tools/mingw810_64/bin/mingw32-make.exe -f &quot;E:/ToyPrograms/GL/2D-Curve-Design-Tool/debug-mingw-64/Makefile&quot;  VERBOSE=1 edit_cache"/>
					<CompileFile command="C:/Qt/Qt5.15.2/Tools/mingw810_64/bin/mingw32-make.exe -f &quot;E:/ToyPrograms/GL/2D-Curve-Design-Tool/debug-mingw-64/Makefile&quot;  VERBOSE=1 &quot;$file&quot;"/>
					<Clean command="C:/Qt/Qt5.15.2/Tools/mingw810_64/bin/mingw32-make.exe -f &quot;E:/ToyPrograms/GL/2D-Curve-Design-Tool/debug-mingw-64/Makefile&quot;  VERBOSE=1 clean"/>
					<DistClean command="C:/Qt/Qt5.15.2/Tools/mingw810_64/bin/mingw32-make.exe -f &quot;E:/ToyPrograms/GL/2D-Curve-Design-Tool/debug-mingw-64/Makefile&quot;  VERBOSE=1 clean"/>
				</MakeCommands>
			</Target>
			<Target title="rebuild_cache">
				<Option working_dir="E:/ToyPrograms/GL/2D-Curve-Design-Tool/debug-mingw-64"/>
				<Option type="4"/>
				<MakeCommands>
					<Build command="C:/Qt/Qt5.15.2/Tools/mingw810_64/bin/mingw32-make.exe -f &quot;E:/ToyPrograms/GL/2D-Curve-Design-Tool/debug-mingw-64/Makefile&quot;  VERBOSE=1 rebuild_cache"/>
					<CompileFile command="C:/Qt/Qt5.15.2/Tools/mingw810_64/bin/mingw32-make.exe -f &quot;E:/ToyPrograms/GL/2D-Curve-Design-Tool/debug-mingw-64/Makefile&quot;  VERBOSE=1 &quot;$file&quot;"/>
					<Clean command="C:/Qt/Qt5.15.2/Tools/mingw810_64/bin/mingw32-make.exe -f &quot;E:/ToyPrograms/GL/2D-Curve-Design-Tool/debug-mingw-64/Makefile&quot;  VERBOSE=1 clean"/>
					<DistClean command="C:/Qt/Qt5.15.2/Tools/mingw810_64/bin/mingw32-make.exe -f &quot;E:/ToyPrograms/GL/2D-Curve-Design-Tool/debug-mingw-64/Makefile&quot;  VERBOSE=1 clean"/>
				</MakeCommands>
			</Target>
			<Target title="2D-Curve-Design-Tool_autogen">
				<Option working_dir="E:/ToyPrograms/GL/2D-Curve-Design-Tool/debug-mingw-64"/>
				<Option type="4"/>
				<MakeCommands>
					<Build command="C:/Qt/Qt5.15.2/Tools/mingw810_64/bin/mingw32-make.exe -f &quot;E:/ToyPrograms/GL/2D-Curve-Design-Tool/debug-mingw-64/Makefile&quot;  VERBOSE=1 2D-Curve-Design-Tool_autogen"/>
					<CompileFile command="C:/Qt/Qt5.15.2/Tools/mingw810_64/bin/mingw32-make.exe -f &quot;E:/ToyPrograms/GL/2D-Curve-Design-Tool/debug-mingw-64/Makefile&quot;  VERBOSE=1 &quot;$file&quot;"/>
					<Clean command="C:/Qt/Qt5.15.2/Tools/mingw810_64/bin/mingw32-make.exe -f &quot;E:/ToyPrograms/GL/2D-Curve-Design-Tool/debug-mingw-64/Makefile&quot;  VERBOSE=1 clean"/>
					<DistClean command="C:/Qt/Qt5.15.2/Tools/mingw810_64/bin/mingw32-make.exe -f &quot;E:/ToyPrograms/GL/2D-Curve-Design-Tool/debug-mingw-64/Makefile&quot;  VERBOSE=1 clean"/>
				</MakeCommands>
			</Target>
		</Build>
		<Unit filename="E:/ToyPrograms/GL/2D-Curve-Design-Tool/debug-mingw-64/2D-Curve-Design-Tool_autogen/UVLADIE3JM/qrc_res.cpp">
			<Option target="2D-Curve-Design-Tool"/>
		</Unit>
		<Unit filename="E:/ToyPrograms/GL/2D-Curve-Design-Tool/debug-mingw-64/2D-Curve-Design-Tool_autogen/UVLADIE3JM/qrc_res.cpp.rule">
			<Option target="2D-Curve-Design-Tool"/>
		</Unit>
		<Unit filename="E:/ToyPrograms/GL/2D-Curve-Design-Tool/debug-mingw-64/2D-Curve-Design-Tool_autogen/include/src/ui/ui_mainwindow.h">
			<Option target="2D-Curve-Design-Tool"/>
		</Unit>
		<Unit filename="E:/ToyPrograms/GL/2D-Curve-Design-Tool/debug-mingw-64/2D-Curve-Design-Tool_autogen/mocs_compilation.cpp">
			<Option target="2D-Curve-Design-Tool"/>
		</Unit>
		<Unit filename="E:/ToyPrograms/GL/2D-Curve-Design-Tool/src/curve_model.cpp">
			<Option target="2D-Curve-Design-Tool"/>
		</Unit>
		<Unit filename="E:/ToyPrograms/GL/2D-Curve-Design-Tool/src/gl_renderer.cpp">
			<Option target="2D-Curve-Design-Tool"/>
		</Unit>
		<Unit filename="E:/ToyPrograms/GL/2D-Curve-Design-Tool/src/include/curve_model.h">
			<Option target="2D-Curve-Design-Tool"/>
		</Unit>
		<Unit filename="E:/ToyPrograms/GL/2D-Curve-Design-Tool/src/include/gl_renderer.h">
			<Option target="2D-Curve-Design-Tool"/>
		</Unit>
		<Unit filename="E:/ToyPrograms/GL/2D-Curve-Design-Tool/src/include/mainwindow.h">
			<Option target="2D-Curve-Design-Tool"/>
		</Unit>
		<Unit filename="E:/ToyPrograms/GL/2D-Curve-Design-Tool/src/main.cpp">
			<Option target="2D-Curve-Design-Tool"/>
		</Unit>
		<Unit filename="E:/ToyPrograms/GL/2D-Curve-Design-Tool/src/mainwindow.cpp">
			<Option target="2D-Curve-Design-Tool"/>
		</Unit>
		<Unit filename="E:/ToyPrograms/GL/2D-Curve-Design-Tool/src/res.qrc">
			<Option target="2D-Curve-Design-Tool"/>
		</Unit>
		<Unit filename="E:/ToyPrograms/GL/2D-Curve-Design-Tool/src/ui/mainwindow.ui">
			<Option target="2D-Curve-Design-Tool"/>
		</Unit>
		<Unit filename="E:/ToyPrograms/GL/2D-Curve-Design-Tool/CMakeLists.txt">
			<Option virtualFolder="CMake Files\"/>
		</Unit>
		<Unit filename="E:/ToyPrograms/GL/2D-Curve-Design-Tool/Qt/Qt5.15.2/5.15.2/mingw81_64/lib/cmake/Qt5/Qt5Config.cmake">
			<Option virtualFolder="CMake Files\Qt\Qt5.15.2\5.15.2\mingw81_64\lib\cmake\Qt5\"/>
		</Unit>
		<Unit filename="E:/ToyPrograms/GL/2D-Curve-Design-Tool/Qt/Qt5.15.2/5.15.2/mingw81_64/lib/cmake/Qt5/Qt5ConfigVersion.cmake">
			<Option virtualFolder="CMake Files\Qt\Qt5.15.2\5.15.2\mingw81_64\lib\cmake\Qt5\"/>
		</Unit>
		<Unit filename="E:/ToyPrograms/GL/2D-Curve-Design-Tool/Qt/Qt5.15.2/5.15.2/mingw81_64/lib/cmake/Qt5/Qt5ModuleLocation.cmake">
			<Option virtualFolder="CMake Files\Qt\Qt5.15.2\5.15.2\mingw81_64\lib\cmake\Qt5\"/>
		</Unit>
		<Unit filename="E:/ToyPrograms/GL/2D-Curve-Design-Tool/Qt/Qt5.15.2/5.15.2/mingw81_64/lib/cmake/Qt5Core/Qt5CoreConfig.cmake">
			<Option virtualFolder="CMake Files\Qt\Qt5.15.2\5.15.2\mingw81_64\lib\cmake\Qt5Core\"/>
		</Unit>
		<Unit filename="E:/ToyPrograms/GL/2D-Curve-Design-Tool/Qt/Qt5.15.2/5.15.2/mingw81_64/lib/cmake/Qt5Core/Qt5CoreConfigExtras.cmake">
			<Option virtualFolder="CMake Files\Qt\Qt5.15.2\5.15.2\mingw81_64\lib\cmake\Qt5Core\"/>
		</Unit>
		<Unit filename="E:/ToyPrograms/GL/2D-Curve-Design-Tool/Qt/Qt5.15.2/5.15.2/mingw81_64/lib/cmake/Qt5Core/Qt5CoreConfigExtrasMkspecDir.cmake">
			<Option virtualFolder="CMake Files\Qt\Qt5.15.2\5.15.2\mingw81_64\lib\cmake\Qt5Core\"/>
		</Unit>
		<Unit filename="E:/ToyPrograms/GL/2D-Curve-Design-Tool/Qt/Qt5.15.2/5.15.2/mingw81_64/lib/cmake/Qt5Core/Qt5CoreConfigVersion.cmake">
			<Option virtualFolder="CMake Files\Qt\Qt5.15.2\5.15.2\mingw81_64\lib\cmake\Qt5Core\"/>
		</Unit>
		<Unit filename="E:/ToyPrograms/GL/2D-Curve-Design-Tool/Qt/Qt5.15.2/5.15.2/mingw81_64/lib/cmake/Qt5Core/Qt5CoreMacros.cmake">
			<Option virtualFolder="CMake Files\Qt\Qt5.15.2\5.15.2\mingw81_64\lib\cmake\Qt5Core\"/>
		</Unit>
		<Unit filename="E:/ToyPrograms/GL/2D-Curve-Design-Tool/Qt/Qt5.15.2/5.15.2/mingw81_64/lib/cmake/Qt5Gui/Qt5GuiConfig.cmake">
			<Option virtualFolder="CMake Files\Qt\Qt5.15.2\5.15.2\mingw81_64\lib\cmake\Qt5Gui\"/>
		</Unit>
		<Unit filename="E:/ToyPrograms/GL/2D-Curve-Design-Tool/Qt/Qt5.15.2/5.15.2/mingw81_64/lib/cmake/Qt5Gui/Qt5GuiConfigExtras.cmake">
			<Option virtualFolder="CMake Files\Qt\Qt5.15.2\5.15.2\mingw81_64\lib\cmake\Qt5Gui\"/>
		</Unit>
		<Unit filename="E:/ToyPrograms/GL/2D-Curve-Design-Tool/Qt/Qt5.15.2/5.15.2/mingw81_64/lib/cmake/Qt5Gui/Qt5GuiConfigVersion.cmake">
			<Option virtualFolder="CMake Files\Qt\Qt5.15.2\5.15.2\mingw81_64\lib\cmake\Qt5Gui\"/>
		</Unit>
		<Unit filename="E:/ToyPrograms/GL/2D-Curve-Design-Tool/Qt/Qt5.15.2/5.15.2/mingw81_64/lib/cmake/Qt5Gui/Qt5Gui_QGifPlugin.cmake">
			<Option virtualFolder="CMake Files\Qt\Qt5.15.2\5.15.2\mingw81_64\lib\cmake\Qt5Gui\"/>
		</Unit>
		<Unit filename="E:/ToyPrograms/GL/2D-Curve-Design-Tool/Qt/Qt5.15.2/5.15.2/mingw81_64/lib/cmake/Qt5Gui/Qt5Gui_QICNSPlugin.cmake">
			<Option virtualFolder="CMake Files\Qt\Qt5.15.2\5.15.2\mingw81_64\lib\cmake\Qt5Gui\"/>
		</Unit>
		<Unit filename="E:/ToyPrograms/GL/2D-Curve-Design-Tool/Qt/Qt5.15.2/5.15.2/mingw81_64/lib/cmake/Qt5Gui/Qt5Gui_QICOPlugin.cmake">
			<Option virtualFolder="CMake Files\Qt\Qt5.15.2\5.15.2\mingw81_64\lib\cmake\Qt5Gui\"/>
		</Unit>
		<Unit filename="E:/ToyPrograms/GL/2D-Curve-Design-Tool/Qt/Qt5.15.2/5.15.2/mingw81_64/lib/cmake/Qt5Gui/Qt5Gui_QJpegPlugin.cmake">
			<Option virtualFolder="CMake Files\Qt\Qt5.15.2\5.15.2\mingw81_64\lib\cmake\Qt5Gui\"/>
		</Unit>
		<Unit filename="E:/ToyPrograms/GL/2D-Curve-Design-Tool/Qt/Qt5.15.2/5.15.2/mingw81_64/lib/cmake/Qt5Gui/Qt5Gui_QMinimalIntegrationPlugin.cmake">
			<Option virtualFolder="CMake Files\Qt\Qt5.15.2\5.15.2\mingw81_64\lib\cmake\Qt5Gui\"/>
		</Unit>
		<Unit filename="E:/ToyPrograms/GL/2D-Curve-Design-Tool/Qt/Qt5.15.2/5.15.2/mingw81_64/lib/cmake/Qt5Gui/Qt5Gui_QOffscreenIntegrationPlugin.cmake">
			<Option virtualFolder="CMake Files\Qt\Qt5.15.2\5.15.2\mingw81_64\lib\cmake\Qt5Gui\"/>
		</Unit>
		<Unit filename="E:/ToyPrograms/GL/2D-Curve-Design-Tool/Qt/Qt5.15.2/5.15.2/mingw81_64/lib/cmake/Qt5Gui/Qt5Gui_QSvgIconPlugin.cmake">
			<Option virtualFolder="CMake Files\Qt\Qt5.15.2\5.15.2\mingw81_64\lib\cmake\Qt5Gui\"/>
		</Unit>
		<Unit filename="E:/ToyPrograms/GL/2D-Curve-Design-Tool/Qt/Qt5.15.2/5.15.2/mingw81_64/lib/cmake/Qt5Gui/Qt5Gui_QSvgPlugin.cmake">
			<Option virtualFolder="CMake Files\Qt\Qt5.15.2\5.15.2\mingw81_64\lib\cmake\Qt5Gui\"/>
		</Unit>
		<Unit filename="E:/ToyPrograms/GL/2D-Curve-Design-Tool/Qt/Qt5.15.2/5.15.2/mingw81_64/lib/cmake/Qt5Gui/Qt5Gui_QTgaPlugin.cmake">
			<Option virtualFolder="CMake Files\Qt\Qt5.15.2\5.15.2\mingw81_64\lib\cmake\Qt5Gui\"/>
		</Unit>
		<Unit filename="E:/ToyPrograms/GL/2D-Curve-Design-Tool/Qt/Qt5.15.2/5.15.2/mingw81_64/lib/cmake/Qt5Gui/Qt5Gui_QTiffPlugin.cmake">
			<Option virtualFolder="CMake Files\Qt\Qt5.15.2\5.15.2\mingw81_64\lib\cmake\Qt5Gui\"/>
		</Unit>
		<Unit filename="E:/ToyPrograms/GL/2D-Curve-Design-Tool/Qt/Qt5.15.2/5.15.2/mingw81_64/lib/cmake/Qt5Gui/Qt5Gui_QTuioTouchPlugin.cmake">
			<Option virtualFolder="CMake Files\Qt\Qt5.15.2\5.15.2\mingw81_64\lib\cmake\Qt5Gui\"/>
		</Unit>
		<Unit filename="E:/ToyPrograms/GL/2D-Curve-Design-Tool/Qt/Qt5.15.2/5.15.2/mingw81_64/lib/cmake/Qt5Gui/Qt5Gui_QVirtualKeyboardPlugin.cmake">
			<Option virtualFolder="CMake Files\Qt\Qt5.15.2\5.15.2\mingw81_64\lib\cmake\Qt5Gui\"/>
		</Unit>
		<Unit filename="E:/ToyPrograms/GL/2D-Curve-Design-Tool/Qt/Qt5.15.2/5.15.2/mingw81_64/lib/cmake/Qt5Gui/Qt5Gui_QWbmpPlugin.cmake">
			<Option virtualFolder="CMake Files\Qt\Qt5.15.2\5.15.2\mingw81_64\lib\cmake\Qt5Gui\"/>
		</Unit>
		<Unit filename="E:/ToyPrograms/GL/2D-Curve-Design-Tool/Qt/Qt5.15.2/5.15.2/mingw81_64/lib/cmake/Qt5Gui/Qt5Gui_QWebGLIntegrationPlugin.cmake">
			<Option virtualFolder="CMake Files\Qt\Qt5.15.2\5.15.2\mingw81_64\lib\cmake\Qt5Gui\"/>
		</Unit>
		<Unit filename="E:/ToyPrograms/GL/2D-Curve-Design-Tool/Qt/Qt5.15.2/5.15.2/mingw81_64/lib/cmake/Qt5Gui/Qt5Gui_QWebpPlugin.cmake">
			<Option virtualFolder="CMake Files\Qt\Qt5.15.2\5.15.2\mingw81_64\lib\cmake\Qt5Gui\"/>
		</Unit>
		<Unit filename="E:/ToyPrograms/GL/2D-Curve-Design-Tool/Qt/Qt5.15.2/5.15.2/mingw81_64/lib/cmake/Qt5Gui/Qt5Gui_QWindowsDirect2DIntegrationPlugin.cmake">
			<Option virtualFolder="CMake Files\Qt\Qt5.15.2\5.15.2\mingw81_64\lib\cmake\Qt5Gui\"/>
		</Unit>
		<Unit filename="E:/ToyPrograms/GL/2D-Curve-Design-Tool/Qt/Qt5.15.2/5.15.2/mingw81_64/lib/cmake/Qt5Gui/Qt5Gui_QWindowsIntegrationPlugin.cmake">
			<Option virtualFolder="CMake Files\Qt\Qt5.15.2\5.15.2\mingw81_64\lib\cmake\Qt5Gui\"/>
		</Unit>
		<Unit filename="E:/ToyPrograms/GL/2D-Curve-Design-Tool/Qt/Qt5.15.2/5.15.2/mingw81_64/lib/cmake/Qt5Gui/Qt5Gui_QXdgDesktopPortalThemePlugin.cmake">
			<Option virtualFolder="CMake Files\Qt\Qt5.15.2\5.15.2\mingw81_64\lib\cmake\Qt5Gui\"/>
		</Unit>
		<Unit filename="E:/ToyPrograms/GL/2D-Curve-Design-Tool/Qt/Qt5.15.2/5.15.2/mingw81_64/lib/cmake/Qt5Widgets/Qt5WidgetsConfig.cmake">
			<Option virtualFolder="CMake Files\Qt\Qt5.15.2\5.15.2\mingw81_64\lib\cmake\Qt5Widgets\"/>
		</Unit>
		<Unit filename="E:/ToyPrograms/GL/2D-Curve-Design-Tool/Qt/Qt5.15.2/5.15.2/mingw81_64/lib/cmake/Qt5Widgets/Qt5WidgetsConfigExtras.cmake">
			<Option virtualFolder="CMake Files\Qt\Qt5.15.2\5.15.2\mingw81_64\lib\cmake\Qt5Widgets\"/>
		</Unit>
		<Unit filename="E:/ToyPrograms/GL/2D-Curve-Design-Tool/Qt/Qt5.15.2/5.15.2/mingw81_64/lib/cmake/Qt5Widgets/Qt5WidgetsConfigVersion.cmake">
			<Option virtualFolder="CMake Files\Qt\Qt5.15.2\5.15.2\mingw81_64\lib\cmake\Qt5Widgets\"/>
		</Unit>
		<Unit filename="E:/ToyPrograms/GL/2D-Curve-Design-Tool/Qt/Qt5.15.2/5.15.2/mingw81_64/lib/cmake/Qt5Widgets/Qt5WidgetsMacros.cmake">
			<Option virtualFolder="CMake Files\Qt\Qt5.15.2\5.15.2\mingw81_64\lib\cmake\Qt5Widgets\"/>
		</Unit>
		<Unit filename="E:/ToyPrograms/GL/2D-Curve-Design-Tool/Qt/Qt5.15.2/5.15.2/mingw81_64/lib/cmake/Qt5Widgets/Qt5Widgets_QWindowsVistaStylePlugin.cmake">
			<Option virtualFolder="CMake Files\Qt\Qt5.15.2\5.15.2\mingw81_64\lib\cmake\Qt5Widgets\"/>
		</Unit>
		<Unit filename="E:/ToyPrograms/GL/2D-Curve-Design-Tool/src/res.qrc">
			<Option virtualFolder="CMake Files\src\"/>
		</Unit>
	</Project>
</CodeBlocks_project_file>
